PODS:
  - AWSCore (2.30.2)
  - AWSS3 (2.30.2):
    - AWSCore (= 2.30.2)

DEPENDENCIES:
  - AWSS3

SPEC REPOS:
  trunk:
    - AWSCore
    - AWSS3

SPEC CHECKSUMS:
  AWSCore: e15f56f30a4acf6277e4c3b4b48ee95e60564307
  AWSS3: 300f3dc595b67d9e1404e24476043a514c8be1a2

PODFILE CHECKSUM: a891974969b09396e23763936fbe8175fc8aa643

COCOAPODS: 1.11.3
